
Microsoft Visual Studio Solution File, Format Version 12.00
# Visual Studio Version 17
VisualStudioVersion = 17.12.35527.113 d17.12
MinimumVisualStudioVersion = 10.0.40219.1
Project("{FAE04EC0-301F-11D3-BF4B-00C04F79EFBC}") = "BudgetTrackerAPI", "BudgetTrackerAPI.csproj", "{B569E134-0A53-4B01-9EE1-4181C99C3ECC}"
EndProject
Project("{FAE04EC0-301F-11D3-BF4B-00C04F79EFBC}") = "BudgetTracker.Entities", "..\BudgetTracker.Entities\BudgetTracker.Entities.csproj", "{B6602DFF-0F56-42E6-869A-6A5F859380CE}"
EndProject
Project("{FAE04EC0-301F-11D3-BF4B-00C04F79EFBC}") = "BudgetTracker.DataAccessLayer", "..\BudgetTracker.DataAccessLayer\BudgetTracker.DataAccessLayer.csproj", "{C622C266-AE99-49A3-A14C-29123E995177}"
EndProject
Project("{FAE04EC0-301F-11D3-BF4B-00C04F79EFBC}") = "BudgetTracker.Business", "..\BudgetTracker.Business\BudgetTracker.Business.csproj", "{1E08E08D-CF14-4B4F-8BE5-348F8E98AE47}"
EndProject
Project("{FAE04EC0-301F-11D3-BF4B-00C04F79EFBC}") = "BudgetTracker.Services", "..\BudgetTracker.Services\BudgetTracker.Services.csproj", "{7CD733E0-9E10-4526-BF94-DF95457165EA}"
EndProject
Global
	GlobalSection(SolutionConfigurationPlatforms) = preSolution
		Debug|Any CPU = Debug|Any CPU
		Release|Any CPU = Release|Any CPU
	EndGlobalSection
	GlobalSection(ProjectConfigurationPlatforms) = postSolution
		{B569E134-0A53-4B01-9EE1-4181C99C3ECC}.Debug|Any CPU.ActiveCfg = Debug|Any CPU
		{B569E134-0A53-4B01-9EE1-4181C99C3ECC}.Debug|Any CPU.Build.0 = Debug|Any CPU
		{B569E134-0A53-4B01-9EE1-4181C99C3ECC}.Release|Any CPU.ActiveCfg = Release|Any CPU
		{B569E134-0A53-4B01-9EE1-4181C99C3ECC}.Release|Any CPU.Build.0 = Release|Any CPU
		{B6602DFF-0F56-42E6-869A-6A5F859380CE}.Debug|Any CPU.ActiveCfg = Debug|Any CPU
		{B6602DFF-0F56-42E6-869A-6A5F859380CE}.Debug|Any CPU.Build.0 = Debug|Any CPU
		{B6602DFF-0F56-42E6-869A-6A5F859380CE}.Release|Any CPU.ActiveCfg = Release|Any CPU
		{B6602DFF-0F56-42E6-869A-6A5F859380CE}.Release|Any CPU.Build.0 = Release|Any CPU
		{C622C266-AE99-49A3-A14C-29123E995177}.Debug|Any CPU.ActiveCfg = Debug|Any CPU
		{C622C266-AE99-49A3-A14C-29123E995177}.Debug|Any CPU.Build.0 = Debug|Any CPU
		{C622C266-AE99-49A3-A14C-29123E995177}.Release|Any CPU.ActiveCfg = Release|Any CPU
		{C622C266-AE99-49A3-A14C-29123E995177}.Release|Any CPU.Build.0 = Release|Any CPU
		{1E08E08D-CF14-4B4F-8BE5-348F8E98AE47}.Debug|Any CPU.ActiveCfg = Debug|Any CPU
		{1E08E08D-CF14-4B4F-8BE5-348F8E98AE47}.Debug|Any CPU.Build.0 = Debug|Any CPU
		{1E08E08D-CF14-4B4F-8BE5-348F8E98AE47}.Release|Any CPU.ActiveCfg = Release|Any CPU
		{1E08E08D-CF14-4B4F-8BE5-348F8E98AE47}.Release|Any CPU.Build.0 = Release|Any CPU
		{7CD733E0-9E10-4526-BF94-DF95457165EA}.Debug|Any CPU.ActiveCfg = Debug|Any CPU
		{7CD733E0-9E10-4526-BF94-DF95457165EA}.Debug|Any CPU.Build.0 = Debug|Any CPU
		{7CD733E0-9E10-4526-BF94-DF95457165EA}.Release|Any CPU.ActiveCfg = Release|Any CPU
		{7CD733E0-9E10-4526-BF94-DF95457165EA}.Release|Any CPU.Build.0 = Release|Any CPU
	EndGlobalSection
	GlobalSection(SolutionProperties) = preSolution
		HideSolutionNode = FALSE
	EndGlobalSection
EndGlobal
